
Microsoft Visual Studio Solution File, Format Version 12.00
# Visual Studio Version 17
VisualStudioVersion = 17.9.34728.123
MinimumVisualStudioVersion = 10.0.40219.1
Project("{FAE04EC0-301F-11D3-BF4B-00C04F79EFBC}") = "Babatoobin_II", "Babatoobin_II.csproj", "{C60BF466-4891-4E47-83E0-83EBF0CA7BAB}"
EndProject
Global
	GlobalSection(SolutionConfigurationPlatforms) = preSolution
		Debug|Any CPU = Debug|Any CPU
		Release|Any CPU = Release|Any CPU
	EndGlobalSection
	GlobalSection(ProjectConfigurationPlatforms) = postSolution
		{C60BF466-4891-4E47-83E0-83EBF0CA7BAB}.Debug|Any CPU.ActiveCfg = Debug|Any CPU
		{C60BF466-4891-4E47-83E0-83EBF0CA7BAB}.Debug|Any CPU.Build.0 = Debug|Any CPU
		{C60BF466-4891-4E47-83E0-83EBF0CA7BAB}.Release|Any CPU.ActiveCfg = Release|Any CPU
		{C60BF466-4891-4E47-83E0-83EBF0CA7BAB}.Release|Any CPU.Build.0 = Release|Any CPU
	EndGlobalSection
	GlobalSection(SolutionProperties) = preSolution
		HideSolutionNode = FALSE
	EndGlobalSection
	GlobalSection(ExtensibilityGlobals) = postSolution
		SolutionGuid = {1E07B605-E9B5-465D-AEE3-B9B67BD5A0E2}
	EndGlobalSection
EndGlobal
